
Microsoft Visual Studio Solution File, Format Version 12.00
# Visual Studio 15
VisualStudioVersion = 15.0.28307.489
MinimumVisualStudioVersion = 10.0.40219.1
Project("{FAE04EC0-301F-11D3-BF4B-00C04F79EFBC}") = "CookiesDemo", "CookiesDemo\CookiesDemo.csproj", "{3EB185CA-0FEA-461C-9937-19EDB8D07843}"
EndProject
Project("{FAE04EC0-301F-11D3-BF4B-00C04F79EFBC}") = "Practice", "Practice\Practice.csproj", "{996D0420-BFDA-4613-B9CA-B3310F713876}"
EndProject
Global
	GlobalSection(SolutionConfigurationPlatforms) = preSolution
		Debug|Any CPU = Debug|Any CPU
		Release|Any CPU = Release|Any CPU
	EndGlobalSection
	GlobalSection(ProjectConfigurationPlatforms) = postSolution
		{3EB185CA-0FEA-461C-9937-19EDB8D07843}.Debug|Any CPU.ActiveCfg = Debug|Any CPU
		{3EB185CA-0FEA-461C-9937-19EDB8D07843}.Debug|Any CPU.Build.0 = Debug|Any CPU
		{3EB185CA-0FEA-461C-9937-19EDB8D07843}.Release|Any CPU.ActiveCfg = Release|Any CPU
		{3EB185CA-0FEA-461C-9937-19EDB8D07843}.Release|Any CPU.Build.0 = Release|Any CPU
		{996D0420-BFDA-4613-B9CA-B3310F713876}.Debug|Any CPU.ActiveCfg = Debug|Any CPU
		{996D0420-BFDA-4613-B9CA-B3310F713876}.Debug|Any CPU.Build.0 = Debug|Any CPU
		{996D0420-BFDA-4613-B9CA-B3310F713876}.Release|Any CPU.ActiveCfg = Release|Any CPU
		{996D0420-BFDA-4613-B9CA-B3310F713876}.Release|Any CPU.Build.0 = Release|Any CPU
	EndGlobalSection
	GlobalSection(SolutionProperties) = preSolution
		HideSolutionNode = FALSE
	EndGlobalSection
	GlobalSection(ExtensibilityGlobals) = postSolution
		SolutionGuid = {74AB0049-5FB9-4F5E-AF95-A6E637542B31}
	EndGlobalSection
EndGlobal
