
Microsoft Visual Studio Solution File, Format Version 12.00
# Visual Studio 15
VisualStudioVersion = 15.0.28307.489
MinimumVisualStudioVersion = 10.0.40219.1
Project("{FAE04EC0-301F-11D3-BF4B-00C04F79EFBC}") = "LayoutsDemo", "LayoutsDemo\LayoutsDemo.csproj", "{150E869A-8B6D-44F3-A097-6A6A94438CB4}"
EndProject
Project("{FAE04EC0-301F-11D3-BF4B-00C04F79EFBC}") = "HomeWork", "HomeWork\HomeWork.csproj", "{34674AC1-8C96-42D2-B84F-A6F8856A77B1}"
EndProject
Project("{FAE04EC0-301F-11D3-BF4B-00C04F79EFBC}") = "PartialDemo", "PartialDemo\PartialDemo.csproj", "{FCC2CC4F-9C53-48AA-82A8-E0C61EECD081}"
EndProject
Global
	GlobalSection(SolutionConfigurationPlatforms) = preSolution
		Debug|Any CPU = Debug|Any CPU
		Release|Any CPU = Release|Any CPU
	EndGlobalSection
	GlobalSection(ProjectConfigurationPlatforms) = postSolution
		{150E869A-8B6D-44F3-A097-6A6A94438CB4}.Debug|Any CPU.ActiveCfg = Debug|Any CPU
		{150E869A-8B6D-44F3-A097-6A6A94438CB4}.Debug|Any CPU.Build.0 = Debug|Any CPU
		{150E869A-8B6D-44F3-A097-6A6A94438CB4}.Release|Any CPU.ActiveCfg = Release|Any CPU
		{150E869A-8B6D-44F3-A097-6A6A94438CB4}.Release|Any CPU.Build.0 = Release|Any CPU
		{34674AC1-8C96-42D2-B84F-A6F8856A77B1}.Debug|Any CPU.ActiveCfg = Debug|Any CPU
		{34674AC1-8C96-42D2-B84F-A6F8856A77B1}.Debug|Any CPU.Build.0 = Debug|Any CPU
		{34674AC1-8C96-42D2-B84F-A6F8856A77B1}.Release|Any CPU.ActiveCfg = Release|Any CPU
		{34674AC1-8C96-42D2-B84F-A6F8856A77B1}.Release|Any CPU.Build.0 = Release|Any CPU
		{FCC2CC4F-9C53-48AA-82A8-E0C61EECD081}.Debug|Any CPU.ActiveCfg = Debug|Any CPU
		{FCC2CC4F-9C53-48AA-82A8-E0C61EECD081}.Debug|Any CPU.Build.0 = Debug|Any CPU
		{FCC2CC4F-9C53-48AA-82A8-E0C61EECD081}.Release|Any CPU.ActiveCfg = Release|Any CPU
		{FCC2CC4F-9C53-48AA-82A8-E0C61EECD081}.Release|Any CPU.Build.0 = Release|Any CPU
	EndGlobalSection
	GlobalSection(SolutionProperties) = preSolution
		HideSolutionNode = FALSE
	EndGlobalSection
	GlobalSection(ExtensibilityGlobals) = postSolution
		SolutionGuid = {26E3EC8B-5C8C-4309-AA6D-3C3115F79F15}
	EndGlobalSection
EndGlobal
