
Microsoft Visual Studio Solution File, Format Version 12.00
# Visual Studio 15
VisualStudioVersion = 15.0.28307.489
MinimumVisualStudioVersion = 10.0.40219.1
Project("{FAE04EC0-301F-11D3-BF4B-00C04F79EFBC}") = "UploadFilesDemo", "UploadFilesDemo\UploadFilesDemo.csproj", "{8A7B0F4B-F4D7-40D6-A13D-24D0AD4CF394}"
EndProject
Global
	GlobalSection(SolutionConfigurationPlatforms) = preSolution
		Debug|Any CPU = Debug|Any CPU
		Release|Any CPU = Release|Any CPU
	EndGlobalSection
	GlobalSection(ProjectConfigurationPlatforms) = postSolution
		{8A7B0F4B-F4D7-40D6-A13D-24D0AD4CF394}.Debug|Any CPU.ActiveCfg = Debug|Any CPU
		{8A7B0F4B-F4D7-40D6-A13D-24D0AD4CF394}.Debug|Any CPU.Build.0 = Debug|Any CPU
		{8A7B0F4B-F4D7-40D6-A13D-24D0AD4CF394}.Release|Any CPU.ActiveCfg = Release|Any CPU
		{8A7B0F4B-F4D7-40D6-A13D-24D0AD4CF394}.Release|Any CPU.Build.0 = Release|Any CPU
	EndGlobalSection
	GlobalSection(SolutionProperties) = preSolution
		HideSolutionNode = FALSE
	EndGlobalSection
	GlobalSection(ExtensibilityGlobals) = postSolution
		SolutionGuid = {4FC53786-A2CF-4CAE-9A2D-F2E61B143077}
	EndGlobalSection
EndGlobal
