
Microsoft Visual Studio Solution File, Format Version 12.00
# Visual Studio 15
VisualStudioVersion = 15.0.28307.489
MinimumVisualStudioVersion = 10.0.40219.1
Project("{FAE04EC0-301F-11D3-BF4B-00C04F79EFBC}") = "lesson06", "lesson06\lesson06.csproj", "{4A3DD380-62EA-49A3-8CCC-8F276309A92B}"
EndProject
Global
	GlobalSection(SolutionConfigurationPlatforms) = preSolution
		Debug|Any CPU = Debug|Any CPU
		Release|Any CPU = Release|Any CPU
	EndGlobalSection
	GlobalSection(ProjectConfigurationPlatforms) = postSolution
		{4A3DD380-62EA-49A3-8CCC-8F276309A92B}.Debug|Any CPU.ActiveCfg = Debug|Any CPU
		{4A3DD380-62EA-49A3-8CCC-8F276309A92B}.Debug|Any CPU.Build.0 = Debug|Any CPU
		{4A3DD380-62EA-49A3-8CCC-8F276309A92B}.Release|Any CPU.ActiveCfg = Release|Any CPU
		{4A3DD380-62EA-49A3-8CCC-8F276309A92B}.Release|Any CPU.Build.0 = Release|Any CPU
	EndGlobalSection
	GlobalSection(SolutionProperties) = preSolution
		HideSolutionNode = FALSE
	EndGlobalSection
	GlobalSection(ExtensibilityGlobals) = postSolution
		SolutionGuid = {F99F602B-E02D-4561-B7BF-E93E4DFC185D}
	EndGlobalSection
EndGlobal
